// !$*UTF8*$!
{
	archiveVersion = 1;
	classes = {
	};
	objectVersion = 46;
	objects = {

/* Begin PBXBuildFile section */
		0B90D8FE1F022AEC00093D69 /* RNTVRPlayer.m in Sources */ = {isa = PBXBuildFile; fileRef = 0B90D8FD1F022AEC00093D69 /* RNTVRPlayer.m */; };
		0B90D8FF1F02369000093D69 /* liblibvr.a in Frameworks */ = {isa = PBXBuildFile; fileRef = 0B90D8A91F02141D00093D69 /* liblibvr.a */; };
		0BF91A201EF972D70065F7CF /* RNTVRPlayerManager.m in Sources */ = {isa = PBXBuildFile; fileRef = 0BF91A1D1EF972D70065F7CF /* RNTVRPlayerManager.m */; };
/* End PBXBuildFile section */

/* Begin PBXContainerItemProxy section */
		0B90D8A81F02141D00093D69 /* PBXContainerItemProxy */ = {
			isa = PBXContainerItemProxy;
			containerPortal = 0B90D8A41F02141D00093D69 /* libvr.xcodeproj */;
			proxyType = 2;
			remoteGlobalIDString = 0B00BA121EFA4F9E001C5DD9;
			remoteInfo = libvr;
		};
/* End PBXContainerItemProxy section */

/* Begin PBXCopyFilesBuildPhase section */
		0BF91A081EF970C30065F7CF /* CopyFiles */ = {
			isa = PBXCopyFilesBuildPhase;
			buildActionMask = 2147483647;
			dstPath = "include/$(PRODUCT_NAME)";
			dstSubfolderSpec = 16;
			files = (
			);
			runOnlyForDeploymentPostprocessing = 0;
		};
/* End PBXCopyFilesBuildPhase section */

/* Begin PBXFileReference section */
		0B90D8A41F02141D00093D69 /* libvr.xcodeproj */ = {isa = PBXFileReference; lastKnownFileType = "wrapper.pb-project"; name = libvr.xcodeproj; path = ../libvr/ios/libvr.xcodeproj; sourceTree = "<group>"; };
		0B90D8FC1F022AEC00093D69 /* RNTVRPlayer.h */ = {isa = PBXFileReference; fileEncoding = 4; lastKnownFileType = sourcecode.c.h; path = RNTVRPlayer.h; sourceTree = "<group>"; };
		0B90D8FD1F022AEC00093D69 /* RNTVRPlayer.m */ = {isa = PBXFileReference; fileEncoding = 4; lastKnownFileType = sourcecode.c.objc; path = RNTVRPlayer.m; sourceTree = "<group>"; };
		0BF91A0A1EF970C30065F7CF /* libRNVRPlayer.a */ = {isa = PBXFileReference; explicitFileType = archive.ar; includeInIndex = 0; path = libRNVRPlayer.a; sourceTree = BUILT_PRODUCTS_DIR; };
		0BF91A1C1EF972D70065F7CF /* RNTVRPlayerManager.h */ = {isa = PBXFileReference; fileEncoding = 4; lastKnownFileType = sourcecode.c.h; path = RNTVRPlayerManager.h; sourceTree = "<group>"; };
		0BF91A1D1EF972D70065F7CF /* RNTVRPlayerManager.m */ = {isa = PBXFileReference; fileEncoding = 4; lastKnownFileType = sourcecode.c.objc; path = RNTVRPlayerManager.m; sourceTree = "<group>"; };
/* End PBXFileReference section */

/* Begin PBXFrameworksBuildPhase section */
		0BF91A071EF970C30065F7CF /* Frameworks */ = {
			isa = PBXFrameworksBuildPhase;
			buildActionMask = 2147483647;
			files = (
				0B90D8FF1F02369000093D69 /* liblibvr.a in Frameworks */,
			);
			runOnlyForDeploymentPostprocessing = 0;
		};
/* End PBXFrameworksBuildPhase section */

/* Begin PBXGroup section */
		0B00BA591EFA6297001C5DD9 /* Frameworks */ = {
			isa = PBXGroup;
			children = (
			);
			name = Frameworks;
			sourceTree = "<group>";
		};
		0B90D8A51F02141D00093D69 /* Products */ = {
			isa = PBXGroup;
			children = (
				0B90D8A91F02141D00093D69 /* liblibvr.a */,
			);
			name = Products;
			sourceTree = "<group>";
		};
		0BF91A011EF970C30065F7CF = {
			isa = PBXGroup;
			children = (
				0BF91A231EF977C90065F7CF /* Libraries */,
				0BF91A0C1EF970C30065F7CF /* RNVRPlayer */,
				0BF91A0B1EF970C30065F7CF /* Products */,
				0B00BA591EFA6297001C5DD9 /* Frameworks */,
			);
			sourceTree = "<group>";
		};
		0BF91A0B1EF970C30065F7CF /* Products */ = {
			isa = PBXGroup;
			children = (
				0BF91A0A1EF970C30065F7CF /* libRNVRPlayer.a */,
			);
			name = Products;
			sourceTree = "<group>";
		};
		0BF91A0C1EF970C30065F7CF /* RNVRPlayer */ = {
			isa = PBXGroup;
			children = (
				0BF91A1C1EF972D70065F7CF /* RNTVRPlayerManager.h */,
				0BF91A1D1EF972D70065F7CF /* RNTVRPlayerManager.m */,
				0B90D8FC1F022AEC00093D69 /* RNTVRPlayer.h */,
				0B90D8FD1F022AEC00093D69 /* RNTVRPlayer.m */,
			);
			path = RNVRPlayer;
			sourceTree = "<group>";
		};
		0BF91A231EF977C90065F7CF /* Libraries */ = {
			isa = PBXGroup;
			children = (
				0B90D8A41F02141D00093D69 /* libvr.xcodeproj */,
			);
			name = Libraries;
			sourceTree = "<group>";
		};
/* End PBXGroup section */

/* Begin PBXNativeTarget section */
		0BF91A091EF970C30065F7CF /* RNVRPlayer */ = {
			isa = PBXNativeTarget;
			buildConfigurationList = 0BF91A131EF970C30065F7CF /* Build configuration list for PBXNativeTarget "RNVRPlayer" */;
			buildPhases = (
				0BF91A061EF970C30065F7CF /* Sources */,
				0BF91A071EF970C30065F7CF /* Frameworks */,
				0BF91A081EF970C30065F7CF /* CopyFiles */,
			);
			buildRules = (
			);
			dependencies = (
			);
			name = RNVRPlayer;
			productName = RNVRPlayer;
			productReference = 0BF91A0A1EF970C30065F7CF /* libRNVRPlayer.a */;
			productType = "com.apple.product-type.library.static";
		};
/* End PBXNativeTarget section */

/* Begin PBXProject section */
		0BF91A021EF970C30065F7CF /* Project object */ = {
			isa = PBXProject;
			attributes = {
				LastUpgradeCheck = 0830;
				ORGANIZATIONNAME = "单强";
				TargetAttributes = {
					0BF91A091EF970C30065F7CF = {
						CreatedOnToolsVersion = 8.3.2;
						ProvisioningStyle = Automatic;
					};
				};
			};
			buildConfigurationList = 0BF91A051EF970C30065F7CF /* Build configuration list for PBXProject "RNVRPlayer" */;
			compatibilityVersion = "Xcode 3.2";
			developmentRegion = English;
			hasScannedForEncodings = 0;
			knownRegions = (
				en,
			);
			mainGroup = 0BF91A011EF970C30065F7CF;
			productRefGroup = 0BF91A0B1EF970C30065F7CF /* Products */;
			projectDirPath = "";
			projectReferences = (
				{
					ProductGroup = 0B90D8A51F02141D00093D69 /* Products */;
					ProjectRef = 0B90D8A41F02141D00093D69 /* libvr.xcodeproj */;
				},
			);
			projectRoot = "";
			targets = (
				0BF91A091EF970C30065F7CF /* RNVRPlayer */,
			);
		};
/* End PBXProject section */

/* Begin PBXReferenceProxy section */
		0B90D8A91F02141D00093D69 /* liblibvr.a */ = {
			isa = PBXReferenceProxy;
			fileType = archive.ar;
			path = liblibvr.a;
			remoteRef = 0B90D8A81F02141D00093D69 /* PBXContainerItemProxy */;
			sourceTree = BUILT_PRODUCTS_DIR;
		};
/* End PBXReferenceProxy section */

/* Begin PBXSourcesBuildPhase section */
		0BF91A061EF970C30065F7CF /* Sources */ = {
			isa = PBXSourcesBuildPhase;
			buildActionMask = 2147483647;
			files = (
				0BF91A201EF972D70065F7CF /* RNTVRPlayerManager.m in Sources */,
				0B90D8FE1F022AEC00093D69 /* RNTVRPlayer.m in Sources */,
			);
			runOnlyForDeploymentPostprocessing = 0;
		};
/* End PBXSourcesBuildPhase section */

/* Begin XCBuildConfiguration section */
		0BF91A111EF970C30065F7CF /* Debug */ = {
			isa = XCBuildConfiguration;
			buildSettings = {
				ALWAYS_SEARCH_USER_PATHS = NO;
				CLANG_ANALYZER_NONNULL = YES;
				CLANG_ANALYZER_NUMBER_OBJECT_CONVERSION = YES_AGGRESSIVE;
				CLANG_CXX_LANGUAGE_STANDARD = "gnu++0x";
				CLANG_CXX_LIBRARY = "libc++";
				CLANG_ENABLE_MODULES = YES;
				CLANG_ENABLE_OBJC_ARC = YES;
				CLANG_WARN_BOOL_CONVERSION = YES;
				CLANG_WARN_CONSTANT_CONVERSION = YES;
				CLANG_WARN_DIRECT_OBJC_ISA_USAGE = YES_ERROR;
				CLANG_WARN_DOCUMENTATION_COMMENTS = YES;
				CLANG_WARN_EMPTY_BODY = YES;
				CLANG_WARN_ENUM_CONVERSION = YES;
				CLANG_WARN_INFINITE_RECURSION = YES;
				CLANG_WARN_INT_CONVERSION = YES;
				CLANG_WARN_OBJC_ROOT_CLASS = YES_ERROR;
				CLANG_WARN_SUSPICIOUS_MOVE = YES;
				CLANG_WARN_UNREACHABLE_CODE = YES;
				CLANG_WARN__DUPLICATE_METHOD_MATCH = YES;
				"CODE_SIGN_IDENTITY[sdk=iphoneos*]" = "iPhone Developer";
				COPY_PHASE_STRIP = NO;
				DEBUG_INFORMATION_FORMAT = dwarf;
				ENABLE_STRICT_OBJC_MSGSEND = YES;
				ENABLE_TESTABILITY = YES;
				GCC_C_LANGUAGE_STANDARD = gnu99;
				GCC_DYNAMIC_NO_PIC = NO;
				GCC_NO_COMMON_BLOCKS = YES;
				GCC_OPTIMIZATION_LEVEL = 0;
				GCC_PREPROCESSOR_DEFINITIONS = (
					"DEBUG=1",
					"$(inherited)",
				);
				GCC_WARN_64_TO_32_BIT_CONVERSION = YES;
				GCC_WARN_ABOUT_RETURN_TYPE = YES_ERROR;
				GCC_WARN_UNDECLARED_SELECTOR = YES;
				GCC_WARN_UNINITIALIZED_AUTOS = YES_AGGRESSIVE;
				GCC_WARN_UNUSED_FUNCTION = YES;
				GCC_WARN_UNUSED_VARIABLE = YES;
				IPHONEOS_DEPLOYMENT_TARGET = 10.3;
				MTL_ENABLE_DEBUG_INFO = YES;
				ONLY_ACTIVE_ARCH = YES;
				SDKROOT = iphoneos;
			};
			name = Debug;
		};
		0BF91A121EF970C30065F7CF /* Release */ = {
			isa = XCBuildConfiguration;
			buildSettings = {
				ALWAYS_SEARCH_USER_PATHS = NO;
				CLANG_ANALYZER_NONNULL = YES;
				CLANG_ANALYZER_NUMBER_OBJECT_CONVERSION = YES_AGGRESSIVE;
				CLANG_CXX_LANGUAGE_STANDARD = "gnu++0x";
				CLANG_CXX_LIBRARY = "libc++";
				CLANG_ENABLE_MODULES = YES;
				CLANG_ENABLE_OBJC_ARC = YES;
				CLANG_WARN_BOOL_CONVERSION = YES;
				CLANG_WARN_CONSTANT_CONVERSION = YES;
				CLANG_WARN_DIRECT_OBJC_ISA_USAGE = YES_ERROR;
				CLANG_WARN_DOCUMENTATION_COMMENTS = YES;
				CLANG_WARN_EMPTY_BODY = YES;
				CLANG_WARN_ENUM_CONVERSION = YES;
				CLANG_WARN_INFINITE_RECURSION = YES;
				CLANG_WARN_INT_CONVERSION = YES;
				CLANG_WARN_OBJC_ROOT_CLASS = YES_ERROR;
				CLANG_WARN_SUSPICIOUS_MOVE = YES;
				CLANG_WARN_UNREACHABLE_CODE = YES;
				CLANG_WARN__DUPLICATE_METHOD_MATCH = YES;
				"CODE_SIGN_IDENTITY[sdk=iphoneos*]" = "iPhone Developer";
				COPY_PHASE_STRIP = NO;
				DEBUG_INFORMATION_FORMAT = "dwarf-with-dsym";
				ENABLE_NS_ASSERTIONS = NO;
				ENABLE_STRICT_OBJC_MSGSEND = YES;
				GCC_C_LANGUAGE_STANDARD = gnu99;
				GCC_NO_COMMON_BLOCKS = YES;
				GCC_WARN_64_TO_32_BIT_CONVERSION = YES;
				GCC_WARN_ABOUT_RETURN_TYPE = YES_ERROR;
				GCC_WARN_UNDECLARED_SELECTOR = YES;
				GCC_WARN_UNINITIALIZED_AUTOS = YES_AGGRESSIVE;
				GCC_WARN_UNUSED_FUNCTION = YES;
				GCC_WARN_UNUSED_VARIABLE = YES;
				IPHONEOS_DEPLOYMENT_TARGET = 10.3;
				MTL_ENABLE_DEBUG_INFO = NO;
				SDKROOT = iphoneos;
				VALIDATE_PRODUCT = YES;
			};
			name = Release;
		};
		0BF91A141EF970C30065F7CF /* Debug */ = {
			isa = XCBuildConfiguration;
			buildSettings = {
				ENABLE_BITCODE = YES;
				GCC_PREPROCESSOR_DEFINITIONS = (
					"DEBUG=1",
					"$(inherited)",
					CC_TARGET_OS_IPHONE,
				);
				HEADER_SEARCH_PATHS = "$(SRCROOT)/../libvr/ios/libvr";
				LIBRARY_SEARCH_PATHS = "";
				OTHER_LDFLAGS = "-ObjC";
				PRODUCT_NAME = "$(TARGET_NAME)";
				SKIP_INSTALL = YES;
			};
			name = Debug;
		};
		0BF91A151EF970C30065F7CF /* Release */ = {
			isa = XCBuildConfiguration;
			buildSettings = {
				ENABLE_BITCODE = YES;
				HEADER_SEARCH_PATHS = "$(SRCROOT)/../libvr/ios/libvr";
				LIBRARY_SEARCH_PATHS = "";
				OTHER_LDFLAGS = "-ObjC";
				PRODUCT_NAME = "$(TARGET_NAME)";
				SKIP_INSTALL = YES;
			};
			name = Release;
		};
/* End XCBuildConfiguration section */

/* Begin XCConfigurationList section */
		0BF91A051EF970C30065F7CF /* Build configuration list for PBXProject "RNVRPlayer" */ = {
			isa = XCConfigurationList;
			buildConfigurations = (
				0BF91A111EF970C30065F7CF /* Debug */,
				0BF91A121EF970C30065F7CF /* Release */,
			);
			defaultConfigurationIsVisible = 0;
			defaultConfigurationName = Release;
		};
		0BF91A131EF970C30065F7CF /* Build configuration list for PBXNativeTarget "RNVRPlayer" */ = {
			isa = XCConfigurationList;
			buildConfigurations = (
				0BF91A141EF970C30065F7CF /* Debug */,
				0BF91A151EF970C30065F7CF /* Release */,
			);
			defaultConfigurationIsVisible = 0;
			defaultConfigurationName = Release;
		};
/* End XCConfigurationList section */
	};
	rootObject = 0BF91A021EF970C30065F7CF /* Project object */;
}
