// !$*UTF8*$!
{
	archiveVersion = 1;
	classes = {
	};
	objectVersion = 46;
	objects = {

/* Begin PBXBuildFile section */
		0B00BA291EFA53EA001C5DD9 /* liblibvr.a in Frameworks */ = {isa = PBXBuildFile; fileRef = 0BF91A2A1EF977E10065F7CF /* liblibvr.a */; };
		0BF91A0F1EF970C30065F7CF /* RNVRPlayer.m in Sources */ = {isa = PBXBuildFile; fileRef = 0BF91A0E1EF970C30065F7CF /* RNVRPlayer.m */; };
		0BF91A101EF970C30065F7CF /* RNVRPlayer.h in CopyFiles */ = {isa = PBXBuildFile; fileRef = 0BF91A0D1EF970C30065F7CF /* RNVRPlayer.h */; };
		0BF91A201EF972D70065F7CF /* VRPlayerViewManager.mm in Sources */ = {isa = PBXBuildFile; fileRef = 0BF91A1D1EF972D70065F7CF /* VRPlayerViewManager.mm */; };
		0BF91A211EF972D70065F7CF /* VRPlayerView.mm in Sources */ = {isa = PBXBuildFile; fileRef = 0BF91A1F1EF972D70065F7CF /* VRPlayerView.mm */; };
/* End PBXBuildFile section */

/* Begin PBXContainerItemProxy section */
		0B00BA271EFA5252001C5DD9 /* PBXContainerItemProxy */ = {
			isa = PBXContainerItemProxy;
			containerPortal = 0BF91A241EF977E00065F7CF /* libvr.xcodeproj */;
			proxyType = 1;
			remoteGlobalIDString = 0B00BA111EFA4F9E001C5DD9;
			remoteInfo = vr;
		};
		0BF91A291EF977E10065F7CF /* PBXContainerItemProxy */ = {
			isa = PBXContainerItemProxy;
			containerPortal = 0BF91A241EF977E00065F7CF /* libvr.xcodeproj */;
			proxyType = 2;
			remoteGlobalIDString = 0B2E4E4C1EB7332A0063163B;
			remoteInfo = libvr;
		};
/* End PBXContainerItemProxy section */

/* Begin PBXCopyFilesBuildPhase section */
		0BF91A081EF970C30065F7CF /* CopyFiles */ = {
			isa = PBXCopyFilesBuildPhase;
			buildActionMask = 2147483647;
			dstPath = "include/$(PRODUCT_NAME)";
			dstSubfolderSpec = 16;
			files = (
				0BF91A101EF970C30065F7CF /* RNVRPlayer.h in CopyFiles */,
			);
			runOnlyForDeploymentPostprocessing = 0;
		};
/* End PBXCopyFilesBuildPhase section */

/* Begin PBXFileReference section */
		0B00BA5A1EFA6297001C5DD9 /* libCardboardSDK_arm64.a */ = {isa = PBXFileReference; lastKnownFileType = archive.ar; name = libCardboardSDK_arm64.a; path = RNVRPlayer/third_party/GVRSDK/prebuilt/ios/libCardboardSDK_arm64.a; sourceTree = "<group>"; };
		0B00BA661EFA675E001C5DD9 /* VideoToolbox.framework */ = {isa = PBXFileReference; lastKnownFileType = wrapper.framework; name = VideoToolbox.framework; path = System/Library/Frameworks/VideoToolbox.framework; sourceTree = SDKROOT; };
		0B00BA681EFA68D6001C5DD9 /* libz.1.dylib */ = {isa = PBXFileReference; lastKnownFileType = "compiled.mach-o.dylib"; name = libz.1.dylib; path = ../../../../../../../usr/lib/libz.1.dylib; sourceTree = "<group>"; };
		0BF91A0A1EF970C30065F7CF /* libRNVRPlayer.a */ = {isa = PBXFileReference; explicitFileType = archive.ar; includeInIndex = 0; path = libRNVRPlayer.a; sourceTree = BUILT_PRODUCTS_DIR; };
		0BF91A0D1EF970C30065F7CF /* RNVRPlayer.h */ = {isa = PBXFileReference; lastKnownFileType = sourcecode.c.h; path = RNVRPlayer.h; sourceTree = "<group>"; };
		0BF91A0E1EF970C30065F7CF /* RNVRPlayer.m */ = {isa = PBXFileReference; lastKnownFileType = sourcecode.c.objc; path = RNVRPlayer.m; sourceTree = "<group>"; };
		0BF91A1C1EF972D70065F7CF /* VRPlayerViewManager.h */ = {isa = PBXFileReference; fileEncoding = 4; lastKnownFileType = sourcecode.c.h; path = VRPlayerViewManager.h; sourceTree = "<group>"; };
		0BF91A1D1EF972D70065F7CF /* VRPlayerViewManager.mm */ = {isa = PBXFileReference; fileEncoding = 4; lastKnownFileType = sourcecode.cpp.objcpp; path = VRPlayerViewManager.mm; sourceTree = "<group>"; };
		0BF91A1E1EF972D70065F7CF /* VRPlayerView.h */ = {isa = PBXFileReference; fileEncoding = 4; lastKnownFileType = sourcecode.c.h; path = VRPlayerView.h; sourceTree = "<group>"; };
		0BF91A1F1EF972D70065F7CF /* VRPlayerView.mm */ = {isa = PBXFileReference; fileEncoding = 4; lastKnownFileType = sourcecode.cpp.objcpp; path = VRPlayerView.mm; sourceTree = "<group>"; };
		0BF91A241EF977E00065F7CF /* libvr.xcodeproj */ = {isa = PBXFileReference; lastKnownFileType = "wrapper.pb-project"; name = libvr.xcodeproj; path = ../libvr/libvr.xcodeproj; sourceTree = "<group>"; };
/* End PBXFileReference section */

/* Begin PBXFrameworksBuildPhase section */
		0BF91A071EF970C30065F7CF /* Frameworks */ = {
			isa = PBXFrameworksBuildPhase;
			buildActionMask = 2147483647;
			files = (
				0B00BA291EFA53EA001C5DD9 /* liblibvr.a in Frameworks */,
			);
			runOnlyForDeploymentPostprocessing = 0;
		};
/* End PBXFrameworksBuildPhase section */

/* Begin PBXGroup section */
		0B00BA591EFA6297001C5DD9 /* Frameworks */ = {
			isa = PBXGroup;
			children = (
				0B00BA681EFA68D6001C5DD9 /* libz.1.dylib */,
				0B00BA661EFA675E001C5DD9 /* VideoToolbox.framework */,
				0B00BA5A1EFA6297001C5DD9 /* libCardboardSDK_arm64.a */,
			);
			name = Frameworks;
			sourceTree = "<group>";
		};
		0BF91A011EF970C30065F7CF = {
			isa = PBXGroup;
			children = (
				0BF91A231EF977C90065F7CF /* Libraries */,
				0BF91A0C1EF970C30065F7CF /* RNVRPlayer */,
				0BF91A0B1EF970C30065F7CF /* Products */,
				0B00BA591EFA6297001C5DD9 /* Frameworks */,
			);
			sourceTree = "<group>";
		};
		0BF91A0B1EF970C30065F7CF /* Products */ = {
			isa = PBXGroup;
			children = (
				0BF91A0A1EF970C30065F7CF /* libRNVRPlayer.a */,
			);
			name = Products;
			sourceTree = "<group>";
		};
		0BF91A0C1EF970C30065F7CF /* RNVRPlayer */ = {
			isa = PBXGroup;
			children = (
				0BF91A1C1EF972D70065F7CF /* VRPlayerViewManager.h */,
				0BF91A1D1EF972D70065F7CF /* VRPlayerViewManager.mm */,
				0BF91A1E1EF972D70065F7CF /* VRPlayerView.h */,
				0BF91A1F1EF972D70065F7CF /* VRPlayerView.mm */,
				0BF91A0D1EF970C30065F7CF /* RNVRPlayer.h */,
				0BF91A0E1EF970C30065F7CF /* RNVRPlayer.m */,
			);
			path = RNVRPlayer;
			sourceTree = "<group>";
		};
		0BF91A231EF977C90065F7CF /* Libraries */ = {
			isa = PBXGroup;
			children = (
				0BF91A241EF977E00065F7CF /* libvr.xcodeproj */,
			);
			name = Libraries;
			sourceTree = "<group>";
		};
		0BF91A251EF977E00065F7CF /* Products */ = {
			isa = PBXGroup;
			children = (
				0BF91A2A1EF977E10065F7CF /* liblibvr.a */,
			);
			name = Products;
			sourceTree = "<group>";
		};
/* End PBXGroup section */

/* Begin PBXNativeTarget section */
		0BF91A091EF970C30065F7CF /* RNVRPlayer */ = {
			isa = PBXNativeTarget;
			buildConfigurationList = 0BF91A131EF970C30065F7CF /* Build configuration list for PBXNativeTarget "RNVRPlayer" */;
			buildPhases = (
				0BF91A061EF970C30065F7CF /* Sources */,
				0BF91A071EF970C30065F7CF /* Frameworks */,
				0BF91A081EF970C30065F7CF /* CopyFiles */,
			);
			buildRules = (
			);
			dependencies = (
				0B00BA281EFA5252001C5DD9 /* PBXTargetDependency */,
			);
			name = RNVRPlayer;
			productName = RNVRPlayer;
			productReference = 0BF91A0A1EF970C30065F7CF /* libRNVRPlayer.a */;
			productType = "com.apple.product-type.library.static";
		};
/* End PBXNativeTarget section */

/* Begin PBXProject section */
		0BF91A021EF970C30065F7CF /* Project object */ = {
			isa = PBXProject;
			attributes = {
				LastUpgradeCheck = 0830;
				ORGANIZATIONNAME = "单强";
				TargetAttributes = {
					0BF91A091EF970C30065F7CF = {
						CreatedOnToolsVersion = 8.3.2;
						ProvisioningStyle = Automatic;
					};
				};
			};
			buildConfigurationList = 0BF91A051EF970C30065F7CF /* Build configuration list for PBXProject "RNVRPlayer" */;
			compatibilityVersion = "Xcode 3.2";
			developmentRegion = English;
			hasScannedForEncodings = 0;
			knownRegions = (
				en,
			);
			mainGroup = 0BF91A011EF970C30065F7CF;
			productRefGroup = 0BF91A0B1EF970C30065F7CF /* Products */;
			projectDirPath = "";
			projectReferences = (
				{
					ProductGroup = 0BF91A251EF977E00065F7CF /* Products */;
					ProjectRef = 0BF91A241EF977E00065F7CF /* libvr.xcodeproj */;
				},
			);
			projectRoot = "";
			targets = (
				0BF91A091EF970C30065F7CF /* RNVRPlayer */,
			);
		};
/* End PBXProject section */

/* Begin PBXReferenceProxy section */
		0BF91A2A1EF977E10065F7CF /* liblibvr.a */ = {
			isa = PBXReferenceProxy;
			fileType = archive.ar;
			path = liblibvr.a;
			remoteRef = 0BF91A291EF977E10065F7CF /* PBXContainerItemProxy */;
			sourceTree = BUILT_PRODUCTS_DIR;
		};
/* End PBXReferenceProxy section */

/* Begin PBXSourcesBuildPhase section */
		0BF91A061EF970C30065F7CF /* Sources */ = {
			isa = PBXSourcesBuildPhase;
			buildActionMask = 2147483647;
			files = (
				0BF91A211EF972D70065F7CF /* VRPlayerView.mm in Sources */,
				0BF91A201EF972D70065F7CF /* VRPlayerViewManager.mm in Sources */,
				0BF91A0F1EF970C30065F7CF /* RNVRPlayer.m in Sources */,
			);
			runOnlyForDeploymentPostprocessing = 0;
		};
/* End PBXSourcesBuildPhase section */

/* Begin PBXTargetDependency section */
		0B00BA281EFA5252001C5DD9 /* PBXTargetDependency */ = {
			isa = PBXTargetDependency;
			name = vr;
			targetProxy = 0B00BA271EFA5252001C5DD9 /* PBXContainerItemProxy */;
		};
/* End PBXTargetDependency section */

/* Begin XCBuildConfiguration section */
		0BF91A111EF970C30065F7CF /* Debug */ = {
			isa = XCBuildConfiguration;
			buildSettings = {
				ALWAYS_SEARCH_USER_PATHS = NO;
				CLANG_ANALYZER_NONNULL = YES;
				CLANG_ANALYZER_NUMBER_OBJECT_CONVERSION = YES_AGGRESSIVE;
				CLANG_CXX_LANGUAGE_STANDARD = "gnu++0x";
				CLANG_CXX_LIBRARY = "libc++";
				CLANG_ENABLE_MODULES = YES;
				CLANG_ENABLE_OBJC_ARC = YES;
				CLANG_WARN_BOOL_CONVERSION = YES;
				CLANG_WARN_CONSTANT_CONVERSION = YES;
				CLANG_WARN_DIRECT_OBJC_ISA_USAGE = YES_ERROR;
				CLANG_WARN_DOCUMENTATION_COMMENTS = YES;
				CLANG_WARN_EMPTY_BODY = YES;
				CLANG_WARN_ENUM_CONVERSION = YES;
				CLANG_WARN_INFINITE_RECURSION = YES;
				CLANG_WARN_INT_CONVERSION = YES;
				CLANG_WARN_OBJC_ROOT_CLASS = YES_ERROR;
				CLANG_WARN_SUSPICIOUS_MOVE = YES;
				CLANG_WARN_UNREACHABLE_CODE = YES;
				CLANG_WARN__DUPLICATE_METHOD_MATCH = YES;
				"CODE_SIGN_IDENTITY[sdk=iphoneos*]" = "iPhone Developer";
				COPY_PHASE_STRIP = NO;
				DEBUG_INFORMATION_FORMAT = dwarf;
				ENABLE_STRICT_OBJC_MSGSEND = YES;
				ENABLE_TESTABILITY = YES;
				GCC_C_LANGUAGE_STANDARD = gnu99;
				GCC_DYNAMIC_NO_PIC = NO;
				GCC_NO_COMMON_BLOCKS = YES;
				GCC_OPTIMIZATION_LEVEL = 0;
				GCC_PREPROCESSOR_DEFINITIONS = (
					"DEBUG=1",
					"$(inherited)",
				);
				GCC_WARN_64_TO_32_BIT_CONVERSION = YES;
				GCC_WARN_ABOUT_RETURN_TYPE = YES_ERROR;
				GCC_WARN_UNDECLARED_SELECTOR = YES;
				GCC_WARN_UNINITIALIZED_AUTOS = YES_AGGRESSIVE;
				GCC_WARN_UNUSED_FUNCTION = YES;
				GCC_WARN_UNUSED_VARIABLE = YES;
				IPHONEOS_DEPLOYMENT_TARGET = 10.3;
				MTL_ENABLE_DEBUG_INFO = YES;
				ONLY_ACTIVE_ARCH = YES;
				SDKROOT = iphoneos;
			};
			name = Debug;
		};
		0BF91A121EF970C30065F7CF /* Release */ = {
			isa = XCBuildConfiguration;
			buildSettings = {
				ALWAYS_SEARCH_USER_PATHS = NO;
				CLANG_ANALYZER_NONNULL = YES;
				CLANG_ANALYZER_NUMBER_OBJECT_CONVERSION = YES_AGGRESSIVE;
				CLANG_CXX_LANGUAGE_STANDARD = "gnu++0x";
				CLANG_CXX_LIBRARY = "libc++";
				CLANG_ENABLE_MODULES = YES;
				CLANG_ENABLE_OBJC_ARC = YES;
				CLANG_WARN_BOOL_CONVERSION = YES;
				CLANG_WARN_CONSTANT_CONVERSION = YES;
				CLANG_WARN_DIRECT_OBJC_ISA_USAGE = YES_ERROR;
				CLANG_WARN_DOCUMENTATION_COMMENTS = YES;
				CLANG_WARN_EMPTY_BODY = YES;
				CLANG_WARN_ENUM_CONVERSION = YES;
				CLANG_WARN_INFINITE_RECURSION = YES;
				CLANG_WARN_INT_CONVERSION = YES;
				CLANG_WARN_OBJC_ROOT_CLASS = YES_ERROR;
				CLANG_WARN_SUSPICIOUS_MOVE = YES;
				CLANG_WARN_UNREACHABLE_CODE = YES;
				CLANG_WARN__DUPLICATE_METHOD_MATCH = YES;
				"CODE_SIGN_IDENTITY[sdk=iphoneos*]" = "iPhone Developer";
				COPY_PHASE_STRIP = NO;
				DEBUG_INFORMATION_FORMAT = "dwarf-with-dsym";
				ENABLE_NS_ASSERTIONS = NO;
				ENABLE_STRICT_OBJC_MSGSEND = YES;
				GCC_C_LANGUAGE_STANDARD = gnu99;
				GCC_NO_COMMON_BLOCKS = YES;
				GCC_WARN_64_TO_32_BIT_CONVERSION = YES;
				GCC_WARN_ABOUT_RETURN_TYPE = YES_ERROR;
				GCC_WARN_UNDECLARED_SELECTOR = YES;
				GCC_WARN_UNINITIALIZED_AUTOS = YES_AGGRESSIVE;
				GCC_WARN_UNUSED_FUNCTION = YES;
				GCC_WARN_UNUSED_VARIABLE = YES;
				IPHONEOS_DEPLOYMENT_TARGET = 10.3;
				MTL_ENABLE_DEBUG_INFO = NO;
				SDKROOT = iphoneos;
				VALIDATE_PRODUCT = YES;
			};
			name = Release;
		};
		0BF91A141EF970C30065F7CF /* Debug */ = {
			isa = XCBuildConfiguration;
			buildSettings = {
				ENABLE_BITCODE = YES;
				GCC_PREPROCESSOR_DEFINITIONS = (
					"DEBUG=1",
					"$(inherited)",
					CC_TARGET_OS_IPHONE,
				);
				HEADER_SEARCH_PATHS = (
					"$(SRCROOT)/RNVRPlayer/third_party/GVRSDK/include/ios",
					"$(SRCROOT)/../libvr/libvr/modules",
					"$(SRCROOT)/../libvr/libvr/third_party/glm",
					"$(SRCROOT)/../libvr/libvr/third_party/ffmpeg/include/ios",
				);
				LIBRARY_SEARCH_PATHS = "$(PROJECT_DIR)/RNVRPlayer/third_party/GVRSDK/prebuilt/ios";
				OTHER_LDFLAGS = "-ObjC";
				PRODUCT_NAME = "$(TARGET_NAME)";
				SKIP_INSTALL = YES;
			};
			name = Debug;
		};
		0BF91A151EF970C30065F7CF /* Release */ = {
			isa = XCBuildConfiguration;
			buildSettings = {
				ENABLE_BITCODE = YES;
				HEADER_SEARCH_PATHS = (
					"$(SRCROOT)/RNVRPlayer/third_party/GVRSDK/include/ios",
					"$(SRCROOT)/../libvr/libvr/modules",
					"$(SRCROOT)/../libvr/libvr/third_party/glm",
					"$(SRCROOT)/../libvr/libvr/third_party/ffmpeg/include/ios",
				);
				LIBRARY_SEARCH_PATHS = "$(PROJECT_DIR)/RNVRPlayer/third_party/GVRSDK/prebuilt/ios";
				OTHER_LDFLAGS = "-ObjC";
				PRODUCT_NAME = "$(TARGET_NAME)";
				SKIP_INSTALL = YES;
			};
			name = Release;
		};
/* End XCBuildConfiguration section */

/* Begin XCConfigurationList section */
		0BF91A051EF970C30065F7CF /* Build configuration list for PBXProject "RNVRPlayer" */ = {
			isa = XCConfigurationList;
			buildConfigurations = (
				0BF91A111EF970C30065F7CF /* Debug */,
				0BF91A121EF970C30065F7CF /* Release */,
			);
			defaultConfigurationIsVisible = 0;
			defaultConfigurationName = Release;
		};
		0BF91A131EF970C30065F7CF /* Build configuration list for PBXNativeTarget "RNVRPlayer" */ = {
			isa = XCConfigurationList;
			buildConfigurations = (
				0BF91A141EF970C30065F7CF /* Debug */,
				0BF91A151EF970C30065F7CF /* Release */,
			);
			defaultConfigurationIsVisible = 0;
			defaultConfigurationName = Release;
		};
/* End XCConfigurationList section */
	};
	rootObject = 0BF91A021EF970C30065F7CF /* Project object */;
}
